
Microsoft Visual Studio Solution File, Format Version 12.00
# Visual Studio Version 17
VisualStudioVersion = 17.0.31903.59
MinimumVisualStudioVersion = 10.0.40219.1
Project("{FAE04EC0-301F-11D3-BF4B-00C04F79EFBC}") = "Frontend", "Frontend\Frontend.csproj", "{621777FE-CD13-48F7-AA64-A2F9957144EA}"
EndProject
Project("{FAE04EC0-301F-11D3-BF4B-00C04F79EFBC}") = "Models", "Models\Models.csproj", "{38DF0193-6328-4BC1-8D9C-194716B4311E}"
EndProject
Project("{FAE04EC0-301F-11D3-BF4B-00C04F79EFBC}") = "DAL", "DAL\DAL.csproj", "{78D9E177-EED5-4FB2-A1AB-430904610A4A}"
EndProject
Project("{FAE04EC0-301F-11D3-BF4B-00C04F79EFBC}") = "BLL", "BLL\BLL.csproj", "{B4787F56-47A5-46AD-838B-CD858446E8BB}"
EndProject
Project("{FAE04EC0-301F-11D3-BF4B-00C04F79EFBC}") = "SAL", "SAL\SAL.csproj", "{B2CEA207-1E91-41D0-A73A-6597E8A5E547}"
EndProject
Project("{FAE04EC0-301F-11D3-BF4B-00C04F79EFBC}") = "Worker", "Worker\Worker.csproj", "{E396F4A7-DAD9-42DA-97BD-51EB0C137588}"
EndProject
Global
	GlobalSection(SolutionConfigurationPlatforms) = preSolution
		Debug|Any CPU = Debug|Any CPU
		Debug|x64 = Debug|x64
		Debug|x86 = Debug|x86
		Release|Any CPU = Release|Any CPU
		Release|x64 = Release|x64
		Release|x86 = Release|x86
	EndGlobalSection
	GlobalSection(ProjectConfigurationPlatforms) = postSolution
		{621777FE-CD13-48F7-AA64-A2F9957144EA}.Debug|Any CPU.ActiveCfg = Debug|Any CPU
		{621777FE-CD13-48F7-AA64-A2F9957144EA}.Debug|Any CPU.Build.0 = Debug|Any CPU
		{621777FE-CD13-48F7-AA64-A2F9957144EA}.Debug|x64.ActiveCfg = Debug|Any CPU
		{621777FE-CD13-48F7-AA64-A2F9957144EA}.Debug|x64.Build.0 = Debug|Any CPU
		{621777FE-CD13-48F7-AA64-A2F9957144EA}.Debug|x86.ActiveCfg = Debug|Any CPU
		{621777FE-CD13-48F7-AA64-A2F9957144EA}.Debug|x86.Build.0 = Debug|Any CPU
		{621777FE-CD13-48F7-AA64-A2F9957144EA}.Release|Any CPU.ActiveCfg = Release|Any CPU
		{621777FE-CD13-48F7-AA64-A2F9957144EA}.Release|Any CPU.Build.0 = Release|Any CPU
		{621777FE-CD13-48F7-AA64-A2F9957144EA}.Release|x64.ActiveCfg = Release|Any CPU
		{621777FE-CD13-48F7-AA64-A2F9957144EA}.Release|x64.Build.0 = Release|Any CPU
		{621777FE-CD13-48F7-AA64-A2F9957144EA}.Release|x86.ActiveCfg = Release|Any CPU
		{621777FE-CD13-48F7-AA64-A2F9957144EA}.Release|x86.Build.0 = Release|Any CPU
		{38DF0193-6328-4BC1-8D9C-194716B4311E}.Debug|Any CPU.ActiveCfg = Debug|Any CPU
		{38DF0193-6328-4BC1-8D9C-194716B4311E}.Debug|Any CPU.Build.0 = Debug|Any CPU
		{38DF0193-6328-4BC1-8D9C-194716B4311E}.Debug|x64.ActiveCfg = Debug|Any CPU
		{38DF0193-6328-4BC1-8D9C-194716B4311E}.Debug|x64.Build.0 = Debug|Any CPU
		{38DF0193-6328-4BC1-8D9C-194716B4311E}.Debug|x86.ActiveCfg = Debug|Any CPU
		{38DF0193-6328-4BC1-8D9C-194716B4311E}.Debug|x86.Build.0 = Debug|Any CPU
		{38DF0193-6328-4BC1-8D9C-194716B4311E}.Release|Any CPU.ActiveCfg = Release|Any CPU
		{38DF0193-6328-4BC1-8D9C-194716B4311E}.Release|Any CPU.Build.0 = Release|Any CPU
		{38DF0193-6328-4BC1-8D9C-194716B4311E}.Release|x64.ActiveCfg = Release|Any CPU
		{38DF0193-6328-4BC1-8D9C-194716B4311E}.Release|x64.Build.0 = Release|Any CPU
		{38DF0193-6328-4BC1-8D9C-194716B4311E}.Release|x86.ActiveCfg = Release|Any CPU
		{38DF0193-6328-4BC1-8D9C-194716B4311E}.Release|x86.Build.0 = Release|Any CPU
		{78D9E177-EED5-4FB2-A1AB-430904610A4A}.Debug|Any CPU.ActiveCfg = Debug|Any CPU
		{78D9E177-EED5-4FB2-A1AB-430904610A4A}.Debug|Any CPU.Build.0 = Debug|Any CPU
		{78D9E177-EED5-4FB2-A1AB-430904610A4A}.Debug|x64.ActiveCfg = Debug|Any CPU
		{78D9E177-EED5-4FB2-A1AB-430904610A4A}.Debug|x64.Build.0 = Debug|Any CPU
		{78D9E177-EED5-4FB2-A1AB-430904610A4A}.Debug|x86.ActiveCfg = Debug|Any CPU
		{78D9E177-EED5-4FB2-A1AB-430904610A4A}.Debug|x86.Build.0 = Debug|Any CPU
		{78D9E177-EED5-4FB2-A1AB-430904610A4A}.Release|Any CPU.ActiveCfg = Release|Any CPU
		{78D9E177-EED5-4FB2-A1AB-430904610A4A}.Release|Any CPU.Build.0 = Release|Any CPU
		{78D9E177-EED5-4FB2-A1AB-430904610A4A}.Release|x64.ActiveCfg = Release|Any CPU
		{78D9E177-EED5-4FB2-A1AB-430904610A4A}.Release|x64.Build.0 = Release|Any CPU
		{78D9E177-EED5-4FB2-A1AB-430904610A4A}.Release|x86.ActiveCfg = Release|Any CPU
		{78D9E177-EED5-4FB2-A1AB-430904610A4A}.Release|x86.Build.0 = Release|Any CPU
		{B4787F56-47A5-46AD-838B-CD858446E8BB}.Debug|Any CPU.ActiveCfg = Debug|Any CPU
		{B4787F56-47A5-46AD-838B-CD858446E8BB}.Debug|Any CPU.Build.0 = Debug|Any CPU
		{B4787F56-47A5-46AD-838B-CD858446E8BB}.Debug|x64.ActiveCfg = Debug|Any CPU
		{B4787F56-47A5-46AD-838B-CD858446E8BB}.Debug|x64.Build.0 = Debug|Any CPU
		{B4787F56-47A5-46AD-838B-CD858446E8BB}.Debug|x86.ActiveCfg = Debug|Any CPU
		{B4787F56-47A5-46AD-838B-CD858446E8BB}.Debug|x86.Build.0 = Debug|Any CPU
		{B4787F56-47A5-46AD-838B-CD858446E8BB}.Release|Any CPU.ActiveCfg = Release|Any CPU
		{B4787F56-47A5-46AD-838B-CD858446E8BB}.Release|Any CPU.Build.0 = Release|Any CPU
		{B4787F56-47A5-46AD-838B-CD858446E8BB}.Release|x64.ActiveCfg = Release|Any CPU
		{B4787F56-47A5-46AD-838B-CD858446E8BB}.Release|x64.Build.0 = Release|Any CPU
		{B4787F56-47A5-46AD-838B-CD858446E8BB}.Release|x86.ActiveCfg = Release|Any CPU
		{B4787F56-47A5-46AD-838B-CD858446E8BB}.Release|x86.Build.0 = Release|Any CPU
		{B2CEA207-1E91-41D0-A73A-6597E8A5E547}.Debug|Any CPU.ActiveCfg = Debug|Any CPU
		{B2CEA207-1E91-41D0-A73A-6597E8A5E547}.Debug|Any CPU.Build.0 = Debug|Any CPU
		{B2CEA207-1E91-41D0-A73A-6597E8A5E547}.Debug|x64.ActiveCfg = Debug|Any CPU
		{B2CEA207-1E91-41D0-A73A-6597E8A5E547}.Debug|x64.Build.0 = Debug|Any CPU
		{B2CEA207-1E91-41D0-A73A-6597E8A5E547}.Debug|x86.ActiveCfg = Debug|Any CPU
		{B2CEA207-1E91-41D0-A73A-6597E8A5E547}.Debug|x86.Build.0 = Debug|Any CPU
		{B2CEA207-1E91-41D0-A73A-6597E8A5E547}.Release|Any CPU.ActiveCfg = Release|Any CPU
		{B2CEA207-1E91-41D0-A73A-6597E8A5E547}.Release|Any CPU.Build.0 = Release|Any CPU
		{B2CEA207-1E91-41D0-A73A-6597E8A5E547}.Release|x64.ActiveCfg = Release|Any CPU
		{B2CEA207-1E91-41D0-A73A-6597E8A5E547}.Release|x64.Build.0 = Release|Any CPU
		{B2CEA207-1E91-41D0-A73A-6597E8A5E547}.Release|x86.ActiveCfg = Release|Any CPU
		{B2CEA207-1E91-41D0-A73A-6597E8A5E547}.Release|x86.Build.0 = Release|Any CPU
		{E396F4A7-DAD9-42DA-97BD-51EB0C137588}.Debug|Any CPU.ActiveCfg = Debug|Any CPU
		{E396F4A7-DAD9-42DA-97BD-51EB0C137588}.Debug|Any CPU.Build.0 = Debug|Any CPU
		{E396F4A7-DAD9-42DA-97BD-51EB0C137588}.Debug|x64.ActiveCfg = Debug|Any CPU
		{E396F4A7-DAD9-42DA-97BD-51EB0C137588}.Debug|x64.Build.0 = Debug|Any CPU
		{E396F4A7-DAD9-42DA-97BD-51EB0C137588}.Debug|x86.ActiveCfg = Debug|Any CPU
		{E396F4A7-DAD9-42DA-97BD-51EB0C137588}.Debug|x86.Build.0 = Debug|Any CPU
		{E396F4A7-DAD9-42DA-97BD-51EB0C137588}.Release|Any CPU.ActiveCfg = Release|Any CPU
		{E396F4A7-DAD9-42DA-97BD-51EB0C137588}.Release|Any CPU.Build.0 = Release|Any CPU
		{E396F4A7-DAD9-42DA-97BD-51EB0C137588}.Release|x64.ActiveCfg = Release|Any CPU
		{E396F4A7-DAD9-42DA-97BD-51EB0C137588}.Release|x64.Build.0 = Release|Any CPU
		{E396F4A7-DAD9-42DA-97BD-51EB0C137588}.Release|x86.ActiveCfg = Release|Any CPU
		{E396F4A7-DAD9-42DA-97BD-51EB0C137588}.Release|x86.Build.0 = Release|Any CPU
	EndGlobalSection
	GlobalSection(SolutionProperties) = preSolution
		HideSolutionNode = FALSE
	EndGlobalSection
EndGlobal
